dependencies:
- name: keycloak
  repository: https://charts.bitnami.com/bitnami
  version: 24.7.5
- name: postgresql
  repository: https://charts.bitnami.com/bitnami
  version: 16.7.19
digest: sha256:1896d14bb6a20986f6afe06f07d3a83afe3142b1d4fdffbde7e575eb7174c068
generated: "2025-08-22T11:49:10.684501119-03:00"
